
Microsoft Visual Studio Solution File, Format Version 12.00
# Visual Studio 15
VisualStudioVersion = 15.0.26730.15
MinimumVisualStudioVersion = 10.0.40219.1
Project("{9092AA53-FB77-4645-B42D-1CCCA6BD08BD}") = "khancode", "khancode\khancode.njsproj", "{99055182-0CD5-452A-8D69-2C3665267CF4}"
EndProject
Global
	GlobalSection(SolutionConfigurationPlatforms) = preSolution
		Debug|Any CPU = Debug|Any CPU
		Release|Any CPU = Release|Any CPU
	EndGlobalSection
	GlobalSection(ProjectConfigurationPlatforms) = postSolution
		{99055182-0CD5-452A-8D69-2C3665267CF4}.Debug|Any CPU.ActiveCfg = Debug|Any CPU
		{99055182-0CD5-452A-8D69-2C3665267CF4}.Debug|Any CPU.Build.0 = Debug|Any CPU
		{99055182-0CD5-452A-8D69-2C3665267CF4}.Release|Any CPU.ActiveCfg = Release|Any CPU
		{99055182-0CD5-452A-8D69-2C3665267CF4}.Release|Any CPU.Build.0 = Release|Any CPU
	EndGlobalSection
	GlobalSection(SolutionProperties) = preSolution
		HideSolutionNode = FALSE
	EndGlobalSection
	GlobalSection(ExtensibilityGlobals) = postSolution
		SolutionGuid = {0F589E10-9028-4111-B9AA-4F4F10D66D3C}
	EndGlobalSection
EndGlobal
